{
  "name": "empat_bulan",
  "lockfileVersion": 2,
  "requires": true,
  "packages": {
    "": {
      "dependencies": {
        "@emailjs/browser": "^3.6.2"
      }
    },
    "node_modules/@emailjs/browser": {
      "version": "3.6.2",
      "resolved": "https://registry.npmjs.org/@emailjs/browser/-/browser-3.6.2.tgz",
      "integrity": "sha512-Swc8w+vwDX4XPy6tPegOFGSwHqNiEmEsIKbtAkqHo2WqnS0ORZUnnuZats2R3XqwfxNQD0F6RwnlVWHIMf6sCQ==",
      "engines": {
        "node": ">=14.0.0"
      }
    }
  },
  "dependencies": {
    "@emailjs/browser": {
      "version": "3.6.2",
      "resolved": "https://registry.npmjs.org/@emailjs/browser/-/browser-3.6.2.tgz",
      "integrity": "sha512-Swc8w+vwDX4XPy6tPegOFGSwHqNiEmEsIKbtAkqHo2WqnS0ORZUnnuZats2R3XqwfxNQD0F6RwnlVWHIMf6sCQ=="
    }
  }
}
